
Microsoft Visual Studio Solution File, Format Version 12.00
# Visual Studio Express 15 for Windows Desktop
VisualStudioVersion = 15.0.27428.2011
MinimumVisualStudioVersion = 10.0.40219.1
Project("{F184B08F-C81C-45F6-A57F-5ABD9991F28F}") = "eFinder 5.0", "eFinder 5.0.\eFinder 5.0.vbproj", "{2A31ED24-097E-461A-BBF5-65BA40784CA3}"
EndProject
Global
	GlobalSection(SolutionConfigurationPlatforms) = preSolution
		Debug|Any CPU = Debug|Any CPU
		Release|Any CPU = Release|Any CPU
	EndGlobalSection
	GlobalSection(ProjectConfigurationPlatforms) = postSolution
		{2A31ED24-097E-461A-BBF5-65BA40784CA3}.Debug|Any CPU.ActiveCfg = Debug|Any CPU
		{2A31ED24-097E-461A-BBF5-65BA40784CA3}.Debug|Any CPU.Build.0 = Debug|Any CPU
		{2A31ED24-097E-461A-BBF5-65BA40784CA3}.Release|Any CPU.ActiveCfg = Release|Any CPU
		{2A31ED24-097E-461A-BBF5-65BA40784CA3}.Release|Any CPU.Build.0 = Release|Any CPU
	EndGlobalSection
	GlobalSection(SolutionProperties) = preSolution
		HideSolutionNode = FALSE
	EndGlobalSection
	GlobalSection(ExtensibilityGlobals) = postSolution
		SolutionGuid = {63D79313-CA5C-4C2E-B6EC-D94E48319706}
	EndGlobalSection
EndGlobal
